
Microsoft Visual Studio Solution File, Format Version 12.00
# Visual Studio Version 16
VisualStudioVersion = 25.0.1703.5
MinimumVisualStudioVersion = 10.0.40219.1
Project("{FAE04EC0-301F-11D3-BF4B-00C04F79EFBC}") = "Encrypt", "Encrypt\Encrypt.csproj", "{9332EC81-D28E-453F-BC9B-2105D18D3C8A}"
EndProject
Global
	GlobalSection(SolutionConfigurationPlatforms) = preSolution
		Debug|Any CPU = Debug|Any CPU
		Release|Any CPU = Release|Any CPU
	EndGlobalSection
	GlobalSection(ProjectConfigurationPlatforms) = postSolution
		{9332EC81-D28E-453F-BC9B-2105D18D3C8A}.Debug|Any CPU.ActiveCfg = Debug|Any CPU
		{9332EC81-D28E-453F-BC9B-2105D18D3C8A}.Debug|Any CPU.Build.0 = Debug|Any CPU
		{9332EC81-D28E-453F-BC9B-2105D18D3C8A}.Release|Any CPU.ActiveCfg = Release|Any CPU
		{9332EC81-D28E-453F-BC9B-2105D18D3C8A}.Release|Any CPU.Build.0 = Release|Any CPU
	EndGlobalSection
	GlobalSection(SolutionProperties) = preSolution
		HideSolutionNode = FALSE
	EndGlobalSection
	GlobalSection(ExtensibilityGlobals) = postSolution
		SolutionGuid = {132783FA-26A1-426F-85AA-FC1EF989C03C}
	EndGlobalSection
EndGlobal
